
Microsoft Visual Studio Solution File, Format Version 12.00
# Visual Studio 15
VisualStudioVersion = 15.0.27130.2020
MinimumVisualStudioVersion = 10.0.40219.1
Project("{FAE04EC0-301F-11D3-BF4B-00C04F79EFBC}") = "youtubedl_gui", "youtubedl_gui\youtubedl_gui.csproj", "{E476C438-95AE-4BC1-B1E9-97A1E3697CC9}"
EndProject
Project("{FAE04EC0-301F-11D3-BF4B-00C04F79EFBC}") = "ConsoleControl", "..\consolecontrol\source\ConsoleControl\ConsoleControl.csproj", "{737CC7F2-EC7C-4800-B7EB-72637E892C42}"
EndProject
Project("{FAE04EC0-301F-11D3-BF4B-00C04F79EFBC}") = "ConsoleControlAPI", "..\consolecontrol\source\ConsoleControlAPI\ConsoleControlAPI.csproj", "{A4B8573F-EBFC-4140-B8AA-7C037919EF57}"
EndProject
Global
	GlobalSection(SolutionConfigurationPlatforms) = preSolution
		Debug|Any CPU = Debug|Any CPU
		Release|Any CPU = Release|Any CPU
	EndGlobalSection
	GlobalSection(ProjectConfigurationPlatforms) = postSolution
		{E476C438-95AE-4BC1-B1E9-97A1E3697CC9}.Debug|Any CPU.ActiveCfg = Debug|Any CPU
		{E476C438-95AE-4BC1-B1E9-97A1E3697CC9}.Debug|Any CPU.Build.0 = Debug|Any CPU
		{E476C438-95AE-4BC1-B1E9-97A1E3697CC9}.Release|Any CPU.ActiveCfg = Release|Any CPU
		{E476C438-95AE-4BC1-B1E9-97A1E3697CC9}.Release|Any CPU.Build.0 = Release|Any CPU
		{737CC7F2-EC7C-4800-B7EB-72637E892C42}.Debug|Any CPU.ActiveCfg = Debug|Any CPU
		{737CC7F2-EC7C-4800-B7EB-72637E892C42}.Debug|Any CPU.Build.0 = Debug|Any CPU
		{737CC7F2-EC7C-4800-B7EB-72637E892C42}.Release|Any CPU.ActiveCfg = Release|Any CPU
		{737CC7F2-EC7C-4800-B7EB-72637E892C42}.Release|Any CPU.Build.0 = Release|Any CPU
		{A4B8573F-EBFC-4140-B8AA-7C037919EF57}.Debug|Any CPU.ActiveCfg = Debug|Any CPU
		{A4B8573F-EBFC-4140-B8AA-7C037919EF57}.Debug|Any CPU.Build.0 = Debug|Any CPU
		{A4B8573F-EBFC-4140-B8AA-7C037919EF57}.Release|Any CPU.ActiveCfg = Release|Any CPU
		{A4B8573F-EBFC-4140-B8AA-7C037919EF57}.Release|Any CPU.Build.0 = Release|Any CPU
	EndGlobalSection
	GlobalSection(SolutionProperties) = preSolution
		HideSolutionNode = FALSE
	EndGlobalSection
	GlobalSection(ExtensibilityGlobals) = postSolution
		SolutionGuid = {7C0539BF-FF02-4C3C-8FC9-FECB2A07C0C3}
	EndGlobalSection
EndGlobal
